
Microsoft Visual Studio Solution File, Format Version 12.00
# Visual Studio 15
VisualStudioVersion = 15.0.28010.2050
MinimumVisualStudioVersion = 10.0.40219.1
Project("{9A19103F-16F7-4668-BE54-9A1E7A4F7556}") = ".build", "build\.build.csproj", "{A8676324-8CA0-4ECB-B845-4663D9C4F8BC}"
EndProject
Global
	GlobalSection(SolutionConfigurationPlatforms) = preSolution
		Debug|Any CPU = Debug|Any CPU
		Release|Any CPU = Release|Any CPU
	EndGlobalSection
	GlobalSection(ProjectConfigurationPlatforms) = postSolution
		{A8676324-8CA0-4ECB-B845-4663D9C4F8BC}.Debug|Any CPU.ActiveCfg = Debug|Any CPU
		{A8676324-8CA0-4ECB-B845-4663D9C4F8BC}.Debug|Any CPU.Build.0 = Debug|Any CPU
		{A8676324-8CA0-4ECB-B845-4663D9C4F8BC}.Release|Any CPU.ActiveCfg = Release|Any CPU
		{A8676324-8CA0-4ECB-B845-4663D9C4F8BC}.Release|Any CPU.Build.0 = Release|Any CPU
	EndGlobalSection
	GlobalSection(SolutionProperties) = preSolution
		HideSolutionNode = FALSE
	EndGlobalSection
	GlobalSection(ExtensibilityGlobals) = postSolution
		SolutionGuid = {71899B33-20B5-4FC8-866F-D28E2B05EF7E}
	EndGlobalSection
EndGlobal
